
Microsoft Visual Studio Solution File, Format Version 12.00
# Visual Studio 14
VisualStudioVersion = 14.0.24720.0
MinimumVisualStudioVersion = 10.0.40219.1
Project("{FAE04EC0-301F-11D3-BF4B-00C04F79EFBC}") = "ServiceMembership_Models", "ServiceMembership_Models\ServiceMembership_Models.csproj", "{9F745A91-6DFA-4099-AC77-B8426B1E16A1}"
EndProject
Project("{FAE04EC0-301F-11D3-BF4B-00C04F79EFBC}") = "ServiceMembership_Data", "ServiceMembership_Data\ServiceMembership_Data.csproj", "{2197BB7C-0B9E-468A-87D8-201B46EAE356}"
EndProject
Project("{FAE04EC0-301F-11D3-BF4B-00C04F79EFBC}") = "ServiceMembership_Core", "ServiceMembership_Core\ServiceMembership_Core.csproj", "{309076D6-265E-4676-AFE1-1400AC1F8F8B}"
EndProject
Project("{FAE04EC0-301F-11D3-BF4B-00C04F79EFBC}") = "ServiceMembership_Test", "ServiceMembership_Test\ServiceMembership_Test.csproj", "{5956E979-0132-4C1F-A20E-FE2850251AB1}"
EndProject
Project("{FAE04EC0-301F-11D3-BF4B-00C04F79EFBC}") = "ServiceMembership_Web", "ServiceMembership_Web\ServiceMembership_Web.csproj", "{B7AF1103-ECBE-404B-97B0-BF25976D7F0C}"
EndProject
Global
	GlobalSection(SolutionConfigurationPlatforms) = preSolution
		Debug|Any CPU = Debug|Any CPU
		Release|Any CPU = Release|Any CPU
	EndGlobalSection
	GlobalSection(ProjectConfigurationPlatforms) = postSolution
		{9F745A91-6DFA-4099-AC77-B8426B1E16A1}.Debug|Any CPU.ActiveCfg = Debug|Any CPU
		{9F745A91-6DFA-4099-AC77-B8426B1E16A1}.Debug|Any CPU.Build.0 = Debug|Any CPU
		{9F745A91-6DFA-4099-AC77-B8426B1E16A1}.Release|Any CPU.ActiveCfg = Release|Any CPU
		{9F745A91-6DFA-4099-AC77-B8426B1E16A1}.Release|Any CPU.Build.0 = Release|Any CPU
		{2197BB7C-0B9E-468A-87D8-201B46EAE356}.Debug|Any CPU.ActiveCfg = Debug|Any CPU
		{2197BB7C-0B9E-468A-87D8-201B46EAE356}.Debug|Any CPU.Build.0 = Debug|Any CPU
		{2197BB7C-0B9E-468A-87D8-201B46EAE356}.Release|Any CPU.ActiveCfg = Release|Any CPU
		{2197BB7C-0B9E-468A-87D8-201B46EAE356}.Release|Any CPU.Build.0 = Release|Any CPU
		{309076D6-265E-4676-AFE1-1400AC1F8F8B}.Debug|Any CPU.ActiveCfg = Debug|Any CPU
		{309076D6-265E-4676-AFE1-1400AC1F8F8B}.Debug|Any CPU.Build.0 = Debug|Any CPU
		{309076D6-265E-4676-AFE1-1400AC1F8F8B}.Release|Any CPU.ActiveCfg = Release|Any CPU
		{309076D6-265E-4676-AFE1-1400AC1F8F8B}.Release|Any CPU.Build.0 = Release|Any CPU
		{5956E979-0132-4C1F-A20E-FE2850251AB1}.Debug|Any CPU.ActiveCfg = Debug|Any CPU
		{5956E979-0132-4C1F-A20E-FE2850251AB1}.Debug|Any CPU.Build.0 = Debug|Any CPU
		{5956E979-0132-4C1F-A20E-FE2850251AB1}.Release|Any CPU.ActiveCfg = Release|Any CPU
		{5956E979-0132-4C1F-A20E-FE2850251AB1}.Release|Any CPU.Build.0 = Release|Any CPU
		{B7AF1103-ECBE-404B-97B0-BF25976D7F0C}.Debug|Any CPU.ActiveCfg = Debug|Any CPU
		{B7AF1103-ECBE-404B-97B0-BF25976D7F0C}.Debug|Any CPU.Build.0 = Debug|Any CPU
		{B7AF1103-ECBE-404B-97B0-BF25976D7F0C}.Release|Any CPU.ActiveCfg = Release|Any CPU
		{B7AF1103-ECBE-404B-97B0-BF25976D7F0C}.Release|Any CPU.Build.0 = Release|Any CPU
	EndGlobalSection
	GlobalSection(SolutionProperties) = preSolution
		HideSolutionNode = FALSE
	EndGlobalSection
EndGlobal
